Microsoft Visual Studio Solution File, Format Version 12.00
# Visual Studio Version 17
VisualStudioVersion = 17.5.2.0
MinimumVisualStudioVersion = 10.0.40219.1
Project("{FAE04EC0-301F-11D3-BF4B-00C04F79EFBC}") = "SimpleResetKnife-SwiftlyS2", "SimpleResetKnife-SwiftlyS2.csproj", "{969B466E-0594-79F7-239B-CE0F9CED4915}"
EndProject
Global
	GlobalSection(SolutionConfigurationPlatforms) = preSolution
		Debug|Any CPU = Debug|Any CPU
		Release|Any CPU = Release|Any CPU
	EndGlobalSection
	GlobalSection(ProjectConfigurationPlatforms) = postSolution
		{969B466E-0594-79F7-239B-CE0F9CED4915}.Debug|Any CPU.ActiveCfg = Debug|Any CPU
		{969B466E-0594-79F7-239B-CE0F9CED4915}.Debug|Any CPU.Build.0 = Debug|Any CPU
		{969B466E-0594-79F7-239B-CE0F9CED4915}.Release|Any CPU.ActiveCfg = Release|Any CPU
		{969B466E-0594-79F7-239B-CE0F9CED4915}.Release|Any CPU.Build.0 = Release|Any CPU
	EndGlobalSection
	GlobalSection(SolutionProperties) = preSolution
		HideSolutionNode = FALSE
	EndGlobalSection
	GlobalSection(ExtensibilityGlobals) = postSolution
		SolutionGuid = {CA06DDD5-1763-489F-8DDD-879C29EB4ECE}
	EndGlobalSection
EndGlobal
